
Microsoft Visual Studio Solution File, Format Version 12.00
# Visual Studio 15
VisualStudioVersion = 15.0.28307.1169
MinimumVisualStudioVersion = 10.0.40219.1
Project("{2150E333-8FDC-42A3-9474-1A3956D46DE8}") = "Creational", "Creational", "{87D22A94-3D0C-45E8-9F35-B725ACEB6F17}"
EndProject
Project("{2150E333-8FDC-42A3-9474-1A3956D46DE8}") = "Structural", "Structural", "{13BC686D-121C-4251-A599-3A6652CBA8BD}"
EndProject
Project("{2150E333-8FDC-42A3-9474-1A3956D46DE8}") = "Behavioral", "Behavioral", "{D16628E6-0C2F-4614-B8EB-7741EC61B2D7}"
EndProject
Project("{FAE04EC0-301F-11D3-BF4B-00C04F79EFBC}") = "AbstractFactory", "AbstractFactory\AbstractFactory.csproj", "{6C69ED90-88ED-43D6-A8ED-EC03BBD6B891}"
EndProject
Project("{FAE04EC0-301F-11D3-BF4B-00C04F79EFBC}") = "Singleton", "Singleton\Singleton.csproj", "{901C25B3-4B3E-4DCA-9817-9CB75B06DBBB}"
EndProject
Project("{FAE04EC0-301F-11D3-BF4B-00C04F79EFBC}") = "Decorator", "Decorator\Decorator.csproj", "{7F8683C5-7BF0-4B22-B9E9-D87E78035408}"
EndProject
Project("{FAE04EC0-301F-11D3-BF4B-00C04F79EFBC}") = "Iterator", "Iterator\Iterator.csproj", "{72A7F4BC-8BEE-4EBF-9C2F-D704B5FFD9F2}"
EndProject
Project("{FAE04EC0-301F-11D3-BF4B-00C04F79EFBC}") = "Observer", "Observer\Observer.csproj", "{559195A1-F360-4EE6-BC76-DEFD8FB05983}"
EndProject
Project("{2150E333-8FDC-42A3-9474-1A3956D46DE8}") = "Other", "Other", "{C765AB22-DAB7-4F66-9D62-9F5E8863EFBE}"
EndProject
Project("{FAE04EC0-301F-11D3-BF4B-00C04F79EFBC}") = "Repository", "Repository\Repository.csproj", "{3DF6A53E-DB0B-4E08-A60C-5E2648BB9BB4}"
EndProject
Project("{FAE04EC0-301F-11D3-BF4B-00C04F79EFBC}") = "FactoryMethod", "FactoryMethod\FactoryMethod.csproj", "{0C26668B-E75A-4D1A-86B8-BF5E255E0FC3}"
EndProject
Project("{FAE04EC0-301F-11D3-BF4B-00C04F79EFBC}") = "Builder", "Builder\Builder.csproj", "{F1773AA4-1BAD-4AB6-B40C-CAE7D858C4A2}"
EndProject
Project("{FAE04EC0-301F-11D3-BF4B-00C04F79EFBC}") = "Adapter", "Adapter\Adapter.csproj", "{6E6C5DF7-8D3D-468E-9DC0-DA94B3CC7F03}"
EndProject
Project("{FAE04EC0-301F-11D3-BF4B-00C04F79EFBC}") = "Composite", "Composite\Composite.csproj", "{DF71762F-06C1-453F-B906-065440A941D5}"
EndProject
Project("{FAE04EC0-301F-11D3-BF4B-00C04F79EFBC}") = "ChainOfResponsibility", "ChainOfResponsibility\ChainOfResponsibility.csproj", "{46DC0395-B507-4194-A4F9-454D653CB9C1}"
EndProject
Project("{FAE04EC0-301F-11D3-BF4B-00C04F79EFBC}") = "Command", "Command\Command.csproj", "{D20F8CDC-2E9D-4524-8B10-82B7278BE840}"
EndProject
Project("{FAE04EC0-301F-11D3-BF4B-00C04F79EFBC}") = "Interpreter", "Interpreter\Interpreter.csproj", "{54674934-AD27-430C-A097-6FE8C3D5DC5C}"
EndProject
Project("{FAE04EC0-301F-11D3-BF4B-00C04F79EFBC}") = "Mediator", "Mediator\Mediator.csproj", "{7EC89F82-8D62-4146-B100-B56803DF1ED9}"
EndProject
Project("{FAE04EC0-301F-11D3-BF4B-00C04F79EFBC}") = "Visitor", "Visitor\Visitor.csproj", "{F134C6B8-091E-4617-88E1-BB73453DCB15}"
EndProject
Global
	GlobalSection(SolutionConfigurationPlatforms) = preSolution
		Debug|Any CPU = Debug|Any CPU
		Release|Any CPU = Release|Any CPU
	EndGlobalSection
	GlobalSection(ProjectConfigurationPlatforms) = postSolution
		{6C69ED90-88ED-43D6-A8ED-EC03BBD6B891}.Debug|Any CPU.ActiveCfg = Debug|Any CPU
		{6C69ED90-88ED-43D6-A8ED-EC03BBD6B891}.Debug|Any CPU.Build.0 = Debug|Any CPU
		{6C69ED90-88ED-43D6-A8ED-EC03BBD6B891}.Release|Any CPU.ActiveCfg = Release|Any CPU
		{6C69ED90-88ED-43D6-A8ED-EC03BBD6B891}.Release|Any CPU.Build.0 = Release|Any CPU
		{901C25B3-4B3E-4DCA-9817-9CB75B06DBBB}.Debug|Any CPU.ActiveCfg = Debug|Any CPU
		{901C25B3-4B3E-4DCA-9817-9CB75B06DBBB}.Debug|Any CPU.Build.0 = Debug|Any CPU
		{901C25B3-4B3E-4DCA-9817-9CB75B06DBBB}.Release|Any CPU.ActiveCfg = Release|Any CPU
		{901C25B3-4B3E-4DCA-9817-9CB75B06DBBB}.Release|Any CPU.Build.0 = Release|Any CPU
		{7F8683C5-7BF0-4B22-B9E9-D87E78035408}.Debug|Any CPU.ActiveCfg = Debug|Any CPU
		{7F8683C5-7BF0-4B22-B9E9-D87E78035408}.Debug|Any CPU.Build.0 = Debug|Any CPU
		{7F8683C5-7BF0-4B22-B9E9-D87E78035408}.Release|Any CPU.ActiveCfg = Release|Any CPU
		{7F8683C5-7BF0-4B22-B9E9-D87E78035408}.Release|Any CPU.Build.0 = Release|Any CPU
		{72A7F4BC-8BEE-4EBF-9C2F-D704B5FFD9F2}.Debug|Any CPU.ActiveCfg = Debug|Any CPU
		{72A7F4BC-8BEE-4EBF-9C2F-D704B5FFD9F2}.Debug|Any CPU.Build.0 = Debug|Any CPU
		{72A7F4BC-8BEE-4EBF-9C2F-D704B5FFD9F2}.Release|Any CPU.ActiveCfg = Release|Any CPU
		{72A7F4BC-8BEE-4EBF-9C2F-D704B5FFD9F2}.Release|Any CPU.Build.0 = Release|Any CPU
		{559195A1-F360-4EE6-BC76-DEFD8FB05983}.Debug|Any CPU.ActiveCfg = Debug|Any CPU
		{559195A1-F360-4EE6-BC76-DEFD8FB05983}.Debug|Any CPU.Build.0 = Debug|Any CPU
		{559195A1-F360-4EE6-BC76-DEFD8FB05983}.Release|Any CPU.ActiveCfg = Release|Any CPU
		{559195A1-F360-4EE6-BC76-DEFD8FB05983}.Release|Any CPU.Build.0 = Release|Any CPU
		{3DF6A53E-DB0B-4E08-A60C-5E2648BB9BB4}.Debug|Any CPU.ActiveCfg = Debug|Any CPU
		{3DF6A53E-DB0B-4E08-A60C-5E2648BB9BB4}.Debug|Any CPU.Build.0 = Debug|Any CPU
		{3DF6A53E-DB0B-4E08-A60C-5E2648BB9BB4}.Release|Any CPU.ActiveCfg = Release|Any CPU
		{3DF6A53E-DB0B-4E08-A60C-5E2648BB9BB4}.Release|Any CPU.Build.0 = Release|Any CPU
		{0C26668B-E75A-4D1A-86B8-BF5E255E0FC3}.Debug|Any CPU.ActiveCfg = Debug|Any CPU
		{0C26668B-E75A-4D1A-86B8-BF5E255E0FC3}.Debug|Any CPU.Build.0 = Debug|Any CPU
		{0C26668B-E75A-4D1A-86B8-BF5E255E0FC3}.Release|Any CPU.ActiveCfg = Release|Any CPU
		{0C26668B-E75A-4D1A-86B8-BF5E255E0FC3}.Release|Any CPU.Build.0 = Release|Any CPU
		{F1773AA4-1BAD-4AB6-B40C-CAE7D858C4A2}.Debug|Any CPU.ActiveCfg = Debug|Any CPU
		{F1773AA4-1BAD-4AB6-B40C-CAE7D858C4A2}.Debug|Any CPU.Build.0 = Debug|Any CPU
		{F1773AA4-1BAD-4AB6-B40C-CAE7D858C4A2}.Release|Any CPU.ActiveCfg = Release|Any CPU
		{F1773AA4-1BAD-4AB6-B40C-CAE7D858C4A2}.Release|Any CPU.Build.0 = Release|Any CPU
		{6E6C5DF7-8D3D-468E-9DC0-DA94B3CC7F03}.Debug|Any CPU.ActiveCfg = Debug|Any CPU
		{6E6C5DF7-8D3D-468E-9DC0-DA94B3CC7F03}.Debug|Any CPU.Build.0 = Debug|Any CPU
		{6E6C5DF7-8D3D-468E-9DC0-DA94B3CC7F03}.Release|Any CPU.ActiveCfg = Release|Any CPU
		{6E6C5DF7-8D3D-468E-9DC0-DA94B3CC7F03}.Release|Any CPU.Build.0 = Release|Any CPU
		{DF71762F-06C1-453F-B906-065440A941D5}.Debug|Any CPU.ActiveCfg = Debug|Any CPU
		{DF71762F-06C1-453F-B906-065440A941D5}.Debug|Any CPU.Build.0 = Debug|Any CPU
		{DF71762F-06C1-453F-B906-065440A941D5}.Release|Any CPU.ActiveCfg = Release|Any CPU
		{DF71762F-06C1-453F-B906-065440A941D5}.Release|Any CPU.Build.0 = Release|Any CPU
		{46DC0395-B507-4194-A4F9-454D653CB9C1}.Debug|Any CPU.ActiveCfg = Debug|Any CPU
		{46DC0395-B507-4194-A4F9-454D653CB9C1}.Debug|Any CPU.Build.0 = Debug|Any CPU
		{46DC0395-B507-4194-A4F9-454D653CB9C1}.Release|Any CPU.ActiveCfg = Release|Any CPU
		{46DC0395-B507-4194-A4F9-454D653CB9C1}.Release|Any CPU.Build.0 = Release|Any CPU
		{D20F8CDC-2E9D-4524-8B10-82B7278BE840}.Debug|Any CPU.ActiveCfg = Debug|Any CPU
		{D20F8CDC-2E9D-4524-8B10-82B7278BE840}.Debug|Any CPU.Build.0 = Debug|Any CPU
		{D20F8CDC-2E9D-4524-8B10-82B7278BE840}.Release|Any CPU.ActiveCfg = Release|Any CPU
		{D20F8CDC-2E9D-4524-8B10-82B7278BE840}.Release|Any CPU.Build.0 = Release|Any CPU
		{54674934-AD27-430C-A097-6FE8C3D5DC5C}.Debug|Any CPU.ActiveCfg = Debug|Any CPU
		{54674934-AD27-430C-A097-6FE8C3D5DC5C}.Debug|Any CPU.Build.0 = Debug|Any CPU
		{54674934-AD27-430C-A097-6FE8C3D5DC5C}.Release|Any CPU.ActiveCfg = Release|Any CPU
		{54674934-AD27-430C-A097-6FE8C3D5DC5C}.Release|Any CPU.Build.0 = Release|Any CPU
		{7EC89F82-8D62-4146-B100-B56803DF1ED9}.Debug|Any CPU.ActiveCfg = Debug|Any CPU
		{7EC89F82-8D62-4146-B100-B56803DF1ED9}.Debug|Any CPU.Build.0 = Debug|Any CPU
		{7EC89F82-8D62-4146-B100-B56803DF1ED9}.Release|Any CPU.ActiveCfg = Release|Any CPU
		{7EC89F82-8D62-4146-B100-B56803DF1ED9}.Release|Any CPU.Build.0 = Release|Any CPU
		{F134C6B8-091E-4617-88E1-BB73453DCB15}.Debug|Any CPU.ActiveCfg = Debug|Any CPU
		{F134C6B8-091E-4617-88E1-BB73453DCB15}.Debug|Any CPU.Build.0 = Debug|Any CPU
		{F134C6B8-091E-4617-88E1-BB73453DCB15}.Release|Any CPU.ActiveCfg = Release|Any CPU
		{F134C6B8-091E-4617-88E1-BB73453DCB15}.Release|Any CPU.Build.0 = Release|Any CPU
	EndGlobalSection
	GlobalSection(SolutionProperties) = preSolution
		HideSolutionNode = FALSE
	EndGlobalSection
	GlobalSection(NestedProjects) = preSolution
		{6C69ED90-88ED-43D6-A8ED-EC03BBD6B891} = {87D22A94-3D0C-45E8-9F35-B725ACEB6F17}
		{901C25B3-4B3E-4DCA-9817-9CB75B06DBBB} = {87D22A94-3D0C-45E8-9F35-B725ACEB6F17}
		{7F8683C5-7BF0-4B22-B9E9-D87E78035408} = {13BC686D-121C-4251-A599-3A6652CBA8BD}
		{72A7F4BC-8BEE-4EBF-9C2F-D704B5FFD9F2} = {D16628E6-0C2F-4614-B8EB-7741EC61B2D7}
		{559195A1-F360-4EE6-BC76-DEFD8FB05983} = {D16628E6-0C2F-4614-B8EB-7741EC61B2D7}
		{3DF6A53E-DB0B-4E08-A60C-5E2648BB9BB4} = {C765AB22-DAB7-4F66-9D62-9F5E8863EFBE}
		{0C26668B-E75A-4D1A-86B8-BF5E255E0FC3} = {87D22A94-3D0C-45E8-9F35-B725ACEB6F17}
		{F1773AA4-1BAD-4AB6-B40C-CAE7D858C4A2} = {87D22A94-3D0C-45E8-9F35-B725ACEB6F17}
		{6E6C5DF7-8D3D-468E-9DC0-DA94B3CC7F03} = {13BC686D-121C-4251-A599-3A6652CBA8BD}
		{DF71762F-06C1-453F-B906-065440A941D5} = {13BC686D-121C-4251-A599-3A6652CBA8BD}
		{46DC0395-B507-4194-A4F9-454D653CB9C1} = {D16628E6-0C2F-4614-B8EB-7741EC61B2D7}
		{D20F8CDC-2E9D-4524-8B10-82B7278BE840} = {D16628E6-0C2F-4614-B8EB-7741EC61B2D7}
		{54674934-AD27-430C-A097-6FE8C3D5DC5C} = {D16628E6-0C2F-4614-B8EB-7741EC61B2D7}
		{7EC89F82-8D62-4146-B100-B56803DF1ED9} = {D16628E6-0C2F-4614-B8EB-7741EC61B2D7}
		{F134C6B8-091E-4617-88E1-BB73453DCB15} = {D16628E6-0C2F-4614-B8EB-7741EC61B2D7}
	EndGlobalSection
	GlobalSection(ExtensibilityGlobals) = postSolution
		SolutionGuid = {F0BEECA9-C31A-4B81-B8D1-B24B884048B3}
	EndGlobalSection
EndGlobal
